
Microsoft Visual Studio Solution File, Format Version 12.00
# Visual Studio 15
VisualStudioVersion = 15.0.28307.136
MinimumVisualStudioVersion = 10.0.40219.1
Project("{FAE04EC0-301F-11D3-BF4B-00C04F79EFBC}") = "MutationArgFieldMatchExample", "MutationArgFieldMatchExample\MutationArgFieldMatchExample.csproj", "{554A1FD8-486A-44AF-AE67-193F54FEB51A}"
EndProject
Global
	GlobalSection(SolutionConfigurationPlatforms) = preSolution
		Debug|Any CPU = Debug|Any CPU
		Release|Any CPU = Release|Any CPU
	EndGlobalSection
	GlobalSection(ProjectConfigurationPlatforms) = postSolution
		{554A1FD8-486A-44AF-AE67-193F54FEB51A}.Debug|Any CPU.ActiveCfg = Debug|Any CPU
		{554A1FD8-486A-44AF-AE67-193F54FEB51A}.Debug|Any CPU.Build.0 = Debug|Any CPU
		{554A1FD8-486A-44AF-AE67-193F54FEB51A}.Release|Any CPU.ActiveCfg = Release|Any CPU
		{554A1FD8-486A-44AF-AE67-193F54FEB51A}.Release|Any CPU.Build.0 = Release|Any CPU
	EndGlobalSection
	GlobalSection(SolutionProperties) = preSolution
		HideSolutionNode = FALSE
	EndGlobalSection
	GlobalSection(ExtensibilityGlobals) = postSolution
		SolutionGuid = {EAAF0C74-C3CE-4D0A-BAE5-ACA2A25F2B62}
	EndGlobalSection
EndGlobal
